
Microsoft Visual Studio Solution File, Format Version 12.00
# Visual Studio 15
VisualStudioVersion = 15.0.27130.2036
MinimumVisualStudioVersion = 10.0.40219.1
Project("{FAE04EC0-301F-11D3-BF4B-00C04F79EFBC}") = "AutomatedTellerMachine", "AutomatedTellerMachine\AutomatedTellerMachine.csproj", "{FA104CFA-A3CC-437D-A4C1-F3184F5C6625}"
EndProject
Project("{FAE04EC0-301F-11D3-BF4B-00C04F79EFBC}") = "AutomatedTellerMachine.Tests", "AutomatedTellerMachine.Tests\AutomatedTellerMachine.Tests.csproj", "{CF465696-2220-4932-92FA-4051DE47E15D}"
EndProject
Global
	GlobalSection(SolutionConfigurationPlatforms) = preSolution
		Debug|Any CPU = Debug|Any CPU
		Release|Any CPU = Release|Any CPU
	EndGlobalSection
	GlobalSection(ProjectConfigurationPlatforms) = postSolution
		{FA104CFA-A3CC-437D-A4C1-F3184F5C6625}.Debug|Any CPU.ActiveCfg = Debug|Any CPU
		{FA104CFA-A3CC-437D-A4C1-F3184F5C6625}.Debug|Any CPU.Build.0 = Debug|Any CPU
		{FA104CFA-A3CC-437D-A4C1-F3184F5C6625}.Release|Any CPU.ActiveCfg = Release|Any CPU
		{FA104CFA-A3CC-437D-A4C1-F3184F5C6625}.Release|Any CPU.Build.0 = Release|Any CPU
		{CF465696-2220-4932-92FA-4051DE47E15D}.Debug|Any CPU.ActiveCfg = Debug|Any CPU
		{CF465696-2220-4932-92FA-4051DE47E15D}.Debug|Any CPU.Build.0 = Debug|Any CPU
		{CF465696-2220-4932-92FA-4051DE47E15D}.Release|Any CPU.ActiveCfg = Release|Any CPU
		{CF465696-2220-4932-92FA-4051DE47E15D}.Release|Any CPU.Build.0 = Release|Any CPU
	EndGlobalSection
	GlobalSection(SolutionProperties) = preSolution
		HideSolutionNode = FALSE
	EndGlobalSection
	GlobalSection(ExtensibilityGlobals) = postSolution
		SolutionGuid = {7014B4CA-7C2A-4544-BF6E-A758D1034EE8}
	EndGlobalSection
EndGlobal
